// !$*UTF8*$!
{
	archiveVersion = 1;
	classes = {
	};
	objectVersion = 56;
	objects = {

/* Begin PBXBuildFile section */
		9BB508F22ACADA1F001853E8 /* AppDelegate.swift in Sources */ = {isa = PBXBuildFile; fileRef = 9BB508F12ACADA1F001853E8 /* AppDelegate.swift */; };
		9BB508F42ACADA1F001853E8 /* SceneDelegate.swift in Sources */ = {isa = PBXBuildFile; fileRef = 9BB508F32ACADA1F001853E8 /* SceneDelegate.swift */; };
		9BB508F92ACADA1F001853E8 /* Main.storyboard in Resources */ = {isa = PBXBuildFile; fileRef = 9BB508F72ACADA1F001853E8 /* Main.storyboard */; };
		9BB508FB2ACADA20001853E8 /* Assets.xcassets in Resources */ = {isa = PBXBuildFile; fileRef = 9BB508FA2ACADA20001853E8 /* Assets.xcassets */; };
		9BB508FE2ACADA20001853E8 /* LaunchScreen.storyboard in Resources */ = {isa = PBXBuildFile; fileRef = 9BB508FC2ACADA20001853E8 /* LaunchScreen.storyboard */; };
		9BB509092ACADA21001853E8 /* Joke_StreamTests.swift in Sources */ = {isa = PBXBuildFile; fileRef = 9BB509082ACADA21001853E8 /* Joke_StreamTests.swift */; };
		9BB509132ACADA21001853E8 /* Joke_StreamUITests.swift in Sources */ = {isa = PBXBuildFile; fileRef = 9BB509122ACADA21001853E8 /* Joke_StreamUITests.swift */; };
		9BB509152ACADA21001853E8 /* Joke_StreamUITestsLaunchTests.swift in Sources */ = {isa = PBXBuildFile; fileRef = 9BB509142ACADA21001853E8 /* Joke_StreamUITestsLaunchTests.swift */; };
		9BB509272ACADA8A001853E8 /* Helper.swift in Sources */ = {isa = PBXBuildFile; fileRef = 9BB509262ACADA8A001853E8 /* Helper.swift */; };
		9BB509292ACADA96001853E8 /* ApiService.swift in Sources */ = {isa = PBXBuildFile; fileRef = 9BB509282ACADA96001853E8 /* ApiService.swift */; };
		9BB5092B2ACADA9E001853E8 /* JokeModel.swift in Sources */ = {isa = PBXBuildFile; fileRef = 9BB5092A2ACADA9E001853E8 /* JokeModel.swift */; };
		9BB5092D2ACADAB4001853E8 /* JokePresenter.swift in Sources */ = {isa = PBXBuildFile; fileRef = 9BB5092C2ACADAB4001853E8 /* JokePresenter.swift */; };
		9BB5092F2ACADAC4001853E8 /* JokeViewController.swift in Sources */ = {isa = PBXBuildFile; fileRef = 9BB5092E2ACADAC4001853E8 /* JokeViewController.swift */; };
		9BB509322ACADADB001853E8 /* JokeTVCell.swift in Sources */ = {isa = PBXBuildFile; fileRef = 9BB509302ACADADB001853E8 /* JokeTVCell.swift */; };
		9BB509332ACADADB001853E8 /* JokeTVCell.xib in Resources */ = {isa = PBXBuildFile; fileRef = 9BB509312ACADADB001853E8 /* JokeTVCell.xib */; };
/* End PBXBuildFile section */

/* Begin PBXContainerItemProxy section */
		9BB509052ACADA21001853E8 /* PBXContainerItemProxy */ = {
			isa = PBXContainerItemProxy;
			containerPortal = 9BB508E62ACADA1F001853E8 /* Project object */;
			proxyType = 1;
			remoteGlobalIDString = 9BB508ED2ACADA1F001853E8;
			remoteInfo = "Joke-Stream";
		};
		9BB5090F2ACADA21001853E8 /* PBXContainerItemProxy */ = {
			isa = PBXContainerItemProxy;
			containerPortal = 9BB508E62ACADA1F001853E8 /* Project object */;
			proxyType = 1;
			remoteGlobalIDString = 9BB508ED2ACADA1F001853E8;
			remoteInfo = "Joke-Stream";
		};
/* End PBXContainerItemProxy section */

/* Begin PBXFileReference section */
		9BB508EE2ACADA1F001853E8 /* Joke-Stream.app */ = {isa = PBXFileReference; explicitFileType = wrapper.application; includeInIndex = 0; path = "Joke-Stream.app"; sourceTree = BUILT_PRODUCTS_DIR; };
		9BB508F12ACADA1F001853E8 /* AppDelegate.swift */ = {isa = PBXFileReference; lastKnownFileType = sourcecode.swift; path = AppDelegate.swift; sourceTree = "<group>"; };
		9BB508F32ACADA1F001853E8 /* SceneDelegate.swift */ = {isa = PBXFileReference; lastKnownFileType = sourcecode.swift; path = SceneDelegate.swift; sourceTree = "<group>"; };
		9BB508F82ACADA1F001853E8 /* Base */ = {isa = PBXFileReference; lastKnownFileType = file.storyboard; name = Base; path = Base.lproj/Main.storyboard; sourceTree = "<group>"; };
		9BB508FA2ACADA20001853E8 /* Assets.xcassets */ = {isa = PBXFileReference; lastKnownFileType = folder.assetcatalog; path = Assets.xcassets; sourceTree = "<group>"; };
		9BB508FD2ACADA20001853E8 /* Base */ = {isa = PBXFileReference; lastKnownFileType = file.storyboard; name = Base; path = Base.lproj/LaunchScreen.storyboard; sourceTree = "<group>"; };
		9BB508FF2ACADA20001853E8 /* Info.plist */ = {isa = PBXFileReference; lastKnownFileType = text.plist.xml; path = Info.plist; sourceTree = "<group>"; };
		9BB509042ACADA21001853E8 /* Joke-StreamTests.xctest */ = {isa = PBXFileReference; explicitFileType = wrapper.cfbundle; includeInIndex = 0; path = "Joke-StreamTests.xctest"; sourceTree = BUILT_PRODUCTS_DIR; };
		9BB509082ACADA21001853E8 /* Joke_StreamTests.swift */ = {isa = PBXFileReference; lastKnownFileType = sourcecode.swift; path = Joke_StreamTests.swift; sourceTree = "<group>"; };
		9BB5090E2ACADA21001853E8 /* Joke-StreamUITests.xctest */ = {isa = PBXFileReference; explicitFileType = wrapper.cfbundle; includeInIndex = 0; path = "Joke-StreamUITests.xctest"; sourceTree = BUILT_PRODUCTS_DIR; };
		9BB509122ACADA21001853E8 /* Joke_StreamUITests.swift */ = {isa = PBXFileReference; lastKnownFileType = sourcecode.swift; path = Joke_StreamUITests.swift; sourceTree = "<group>"; };
		9BB509142ACADA21001853E8 /* Joke_StreamUITestsLaunchTests.swift */ = {isa = PBXFileReference; lastKnownFileType = sourcecode.swift; path = Joke_StreamUITestsLaunchTests.swift; sourceTree = "<group>"; };
		9BB509262ACADA8A001853E8 /* Helper.swift */ = {isa = PBXFileReference; lastKnownFileType = sourcecode.swift; path = Helper.swift; sourceTree = "<group>"; };
		9BB509282ACADA96001853E8 /* ApiService.swift */ = {isa = PBXFileReference; lastKnownFileType = sourcecode.swift; path = ApiService.swift; sourceTree = "<group>"; };
		9BB5092A2ACADA9E001853E8 /* JokeModel.swift */ = {isa = PBXFileReference; lastKnownFileType = sourcecode.swift; path = JokeModel.swift; sourceTree = "<group>"; };
		9BB5092C2ACADAB4001853E8 /* JokePresenter.swift */ = {isa = PBXFileReference; lastKnownFileType = sourcecode.swift; path = JokePresenter.swift; sourceTree = "<group>"; };
		9BB5092E2ACADAC4001853E8 /* JokeViewController.swift */ = {isa = PBXFileReference; lastKnownFileType = sourcecode.swift; path = JokeViewController.swift; sourceTree = "<group>"; };
		9BB509302ACADADB001853E8 /* JokeTVCell.swift */ = {isa = PBXFileReference; lastKnownFileType = sourcecode.swift; path = JokeTVCell.swift; sourceTree = "<group>"; };
		9BB509312ACADADB001853E8 /* JokeTVCell.xib */ = {isa = PBXFileReference; lastKnownFileType = file.xib; path = JokeTVCell.xib; sourceTree = "<group>"; };
/* End PBXFileReference section */

/* Begin PBXFrameworksBuildPhase section */
		9BB508EB2ACADA1F001853E8 /* Frameworks */ = {
			isa = PBXFrameworksBuildPhase;
			buildActionMask = 2147483647;
			files = (
			);
			runOnlyForDeploymentPostprocessing = 0;
		};
		9BB509012ACADA21001853E8 /* Frameworks */ = {
			isa = PBXFrameworksBuildPhase;
			buildActionMask = 2147483647;
			files = (
			);
			runOnlyForDeploymentPostprocessing = 0;
		};
		9BB5090B2ACADA21001853E8 /* Frameworks */ = {
			isa = PBXFrameworksBuildPhase;
			buildActionMask = 2147483647;
			files = (
			);
			runOnlyForDeploymentPostprocessing = 0;
		};
/* End PBXFrameworksBuildPhase section */

/* Begin PBXGroup section */
		9BB508E52ACADA1F001853E8 = {
			isa = PBXGroup;
			children = (
				9BB508F02ACADA1F001853E8 /* Joke-Stream */,
				9BB509072ACADA21001853E8 /* Joke-StreamTests */,
				9BB509112ACADA21001853E8 /* Joke-StreamUITests */,
				9BB508EF2ACADA1F001853E8 /* Products */,
			);
			sourceTree = "<group>";
		};
		9BB508EF2ACADA1F001853E8 /* Products */ = {
			isa = PBXGroup;
			children = (
				9BB508EE2ACADA1F001853E8 /* Joke-Stream.app */,
				9BB509042ACADA21001853E8 /* Joke-StreamTests.xctest */,
				9BB5090E2ACADA21001853E8 /* Joke-StreamUITests.xctest */,
			);
			name = Products;
			sourceTree = "<group>";
		};
		9BB508F02ACADA1F001853E8 /* Joke-Stream */ = {
			isa = PBXGroup;
			children = (
				9BB508F12ACADA1F001853E8 /* AppDelegate.swift */,
				9BB508F32ACADA1F001853E8 /* SceneDelegate.swift */,
				9BB509212ACADA45001853E8 /* Helper */,
				9BB509222ACADA4D001853E8 /* Api Service */,
				9BB509232ACADA55001853E8 /* Model */,
				9BB509242ACADA5A001853E8 /* View */,
				9BB509252ACADA5E001853E8 /* Presenter */,
				9BB508F72ACADA1F001853E8 /* Main.storyboard */,
				9BB508FA2ACADA20001853E8 /* Assets.xcassets */,
				9BB508FC2ACADA20001853E8 /* LaunchScreen.storyboard */,
				9BB508FF2ACADA20001853E8 /* Info.plist */,
			);
			path = "Joke-Stream";
			sourceTree = "<group>";
		};
		9BB509072ACADA21001853E8 /* Joke-StreamTests */ = {
			isa = PBXGroup;
			children = (
				9BB509082ACADA21001853E8 /* Joke_StreamTests.swift */,
			);
			path = "Joke-StreamTests";
			sourceTree = "<group>";
		};
		9BB509112ACADA21001853E8 /* Joke-StreamUITests */ = {
			isa = PBXGroup;
			children = (
				9BB509122ACADA21001853E8 /* Joke_StreamUITests.swift */,
				9BB509142ACADA21001853E8 /* Joke_StreamUITestsLaunchTests.swift */,
			);
			path = "Joke-StreamUITests";
			sourceTree = "<group>";
		};
		9BB509212ACADA45001853E8 /* Helper */ = {
			isa = PBXGroup;
			children = (
				9BB509262ACADA8A001853E8 /* Helper.swift */,
			);
			path = Helper;
			sourceTree = "<group>";
		};
		9BB509222ACADA4D001853E8 /* Api Service */ = {
			isa = PBXGroup;
			children = (
				9BB509282ACADA96001853E8 /* ApiService.swift */,
			);
			path = "Api Service";
			sourceTree = "<group>";
		};
		9BB509232ACADA55001853E8 /* Model */ = {
			isa = PBXGroup;
			children = (
				9BB5092A2ACADA9E001853E8 /* JokeModel.swift */,
			);
			path = Model;
			sourceTree = "<group>";
		};
		9BB509242ACADA5A001853E8 /* View */ = {
			isa = PBXGroup;
			children = (
				9BB509342ACADAF7001853E8 /* Cell */,
				9BB509352ACADAFF001853E8 /* Controller */,
			);
			path = View;
			sourceTree = "<group>";
		};
		9BB509252ACADA5E001853E8 /* Presenter */ = {
			isa = PBXGroup;
			children = (
				9BB5092C2ACADAB4001853E8 /* JokePresenter.swift */,
			);
			path = Presenter;
			sourceTree = "<group>";
		};
		9BB509342ACADAF7001853E8 /* Cell */ = {
			isa = PBXGroup;
			children = (
				9BB509302ACADADB001853E8 /* JokeTVCell.swift */,
				9BB509312ACADADB001853E8 /* JokeTVCell.xib */,
			);
			path = Cell;
			sourceTree = "<group>";
		};
		9BB509352ACADAFF001853E8 /* Controller */ = {
			isa = PBXGroup;
			children = (
				9BB5092E2ACADAC4001853E8 /* JokeViewController.swift */,
			);
			path = Controller;
			sourceTree = "<group>";
		};
/* End PBXGroup section */

/* Begin PBXNativeTarget section */
		9BB508ED2ACADA1F001853E8 /* Joke-Stream */ = {
			isa = PBXNativeTarget;
			buildConfigurationList = 9BB509182ACADA21001853E8 /* Build configuration list for PBXNativeTarget "Joke-Stream" */;
			buildPhases = (
				9BB508EA2ACADA1F001853E8 /* Sources */,
				9BB508EB2ACADA1F001853E8 /* Frameworks */,
				9BB508EC2ACADA1F001853E8 /* Resources */,
			);
			buildRules = (
			);
			dependencies = (
			);
			name = "Joke-Stream";
			productName = "Joke-Stream";
			productReference = 9BB508EE2ACADA1F001853E8 /* Joke-Stream.app */;
			productType = "com.apple.product-type.application";
		};
		9BB509032ACADA21001853E8 /* Joke-StreamTests */ = {
			isa = PBXNativeTarget;
			buildConfigurationList = 9BB5091B2ACADA21001853E8 /* Build configuration list for PBXNativeTarget "Joke-StreamTests" */;
			buildPhases = (
				9BB509002ACADA21001853E8 /* Sources */,
				9BB509012ACADA21001853E8 /* Frameworks */,
				9BB509022ACADA21001853E8 /* Resources */,
			);
			buildRules = (
			);
			dependencies = (
				9BB509062ACADA21001853E8 /* PBXTargetDependency */,
			);
			name = "Joke-StreamTests";
			productName = "Joke-StreamTests";
			productReference = 9BB509042ACADA21001853E8 /* Joke-StreamTests.xctest */;
			productType = "com.apple.product-type.bundle.unit-test";
		};
		9BB5090D2ACADA21001853E8 /* Joke-StreamUITests */ = {
			isa = PBXNativeTarget;
			buildConfigurationList = 9BB5091E2ACADA21001853E8 /* Build configuration list for PBXNativeTarget "Joke-StreamUITests" */;
			buildPhases = (
				9BB5090A2ACADA21001853E8 /* Sources */,
				9BB5090B2ACADA21001853E8 /* Frameworks */,
				9BB5090C2ACADA21001853E8 /* Resources */,
			);
			buildRules = (
			);
			dependencies = (
				9BB509102ACADA21001853E8 /* PBXTargetDependency */,
			);
			name = "Joke-StreamUITests";
			productName = "Joke-StreamUITests";
			productReference = 9BB5090E2ACADA21001853E8 /* Joke-StreamUITests.xctest */;
			productType = "com.apple.product-type.bundle.ui-testing";
		};
/* End PBXNativeTarget section */

/* Begin PBXProject section */
		9BB508E62ACADA1F001853E8 /* Project object */ = {
			isa = PBXProject;
			attributes = {
				BuildIndependentTargetsInParallel = 1;
				LastSwiftUpdateCheck = 1430;
				LastUpgradeCheck = 1430;
				TargetAttributes = {
					9BB508ED2ACADA1F001853E8 = {
						CreatedOnToolsVersion = 14.3.1;
					};
					9BB509032ACADA21001853E8 = {
						CreatedOnToolsVersion = 14.3.1;
						TestTargetID = 9BB508ED2ACADA1F001853E8;
					};
					9BB5090D2ACADA21001853E8 = {
						CreatedOnToolsVersion = 14.3.1;
						TestTargetID = 9BB508ED2ACADA1F001853E8;
					};
				};
			};
			buildConfigurationList = 9BB508E92ACADA1F001853E8 /* Build configuration list for PBXProject "Joke-Stream" */;
			compatibilityVersion = "Xcode 14.0";
			developmentRegion = en;
			hasScannedForEncodings = 0;
			knownRegions = (
				en,
				Base,
			);
			mainGroup = 9BB508E52ACADA1F001853E8;
			productRefGroup = 9BB508EF2ACADA1F001853E8 /* Products */;
			projectDirPath = "";
			projectRoot = "";
			targets = (
				9BB508ED2ACADA1F001853E8 /* Joke-Stream */,
				9BB509032ACADA21001853E8 /* Joke-StreamTests */,
				9BB5090D2ACADA21001853E8 /* Joke-StreamUITests */,
			);
		};
/* End PBXProject section */

/* Begin PBXResourcesBuildPhase section */
		9BB508EC2ACADA1F001853E8 /* Resources */ = {
			isa = PBXResourcesBuildPhase;
			buildActionMask = 2147483647;
			files = (
				9BB508FE2ACADA20001853E8 /* LaunchScreen.storyboard in Resources */,
				9BB508FB2ACADA20001853E8 /* Assets.xcassets in Resources */,
				9BB509332ACADADB001853E8 /* JokeTVCell.xib in Resources */,
				9BB508F92ACADA1F001853E8 /* Main.storyboard in Resources */,
			);
			runOnlyForDeploymentPostprocessing = 0;
		};
		9BB509022ACADA21001853E8 /* Resources */ = {
			isa = PBXResourcesBuildPhase;
			buildActionMask = 2147483647;
			files = (
			);
			runOnlyForDeploymentPostprocessing = 0;
		};
		9BB5090C2ACADA21001853E8 /* Resources */ = {
			isa = PBXResourcesBuildPhase;
			buildActionMask = 2147483647;
			files = (
			);
			runOnlyForDeploymentPostprocessing = 0;
		};
/* End PBXResourcesBuildPhase section */

/* Begin PBXSourcesBuildPhase section */
		9BB508EA2ACADA1F001853E8 /* Sources */ = {
			isa = PBXSourcesBuildPhase;
			buildActionMask = 2147483647;
			files = (
				9BB508F22ACADA1F001853E8 /* AppDelegate.swift in Sources */,
				9BB5092F2ACADAC4001853E8 /* JokeViewController.swift in Sources */,
				9BB508F42ACADA1F001853E8 /* SceneDelegate.swift in Sources */,
				9BB5092B2ACADA9E001853E8 /* JokeModel.swift in Sources */,
				9BB5092D2ACADAB4001853E8 /* JokePresenter.swift in Sources */,
				9BB509292ACADA96001853E8 /* ApiService.swift in Sources */,
				9BB509322ACADADB001853E8 /* JokeTVCell.swift in Sources */,
				9BB509272ACADA8A001853E8 /* Helper.swift in Sources */,
			);
			runOnlyForDeploymentPostprocessing = 0;
		};
		9BB509002ACADA21001853E8 /* Sources */ = {
			isa = PBXSourcesBuildPhase;
			buildActionMask = 2147483647;
			files = (
				9BB509092ACADA21001853E8 /* Joke_StreamTests.swift in Sources */,
			);
			runOnlyForDeploymentPostprocessing = 0;
		};
		9BB5090A2ACADA21001853E8 /* Sources */ = {
			isa = PBXSourcesBuildPhase;
			buildActionMask = 2147483647;
			files = (
				9BB509132ACADA21001853E8 /* Joke_StreamUITests.swift in Sources */,
				9BB509152ACADA21001853E8 /* Joke_StreamUITestsLaunchTests.swift in Sources */,
			);
			runOnlyForDeploymentPostprocessing = 0;
		};
/* End PBXSourcesBuildPhase section */

/* Begin PBXTargetDependency section */
		9BB509062ACADA21001853E8 /* PBXTargetDependency */ = {
			isa = PBXTargetDependency;
			target = 9BB508ED2ACADA1F001853E8 /* Joke-Stream */;
			targetProxy = 9BB509052ACADA21001853E8 /* PBXContainerItemProxy */;
		};
		9BB509102ACADA21001853E8 /* PBXTargetDependency */ = {
			isa = PBXTargetDependency;
			target = 9BB508ED2ACADA1F001853E8 /* Joke-Stream */;
			targetProxy = 9BB5090F2ACADA21001853E8 /* PBXContainerItemProxy */;
		};
/* End PBXTargetDependency section */

/* Begin PBXVariantGroup section */
		9BB508F72ACADA1F001853E8 /* Main.storyboard */ = {
			isa = PBXVariantGroup;
			children = (
				9BB508F82ACADA1F001853E8 /* Base */,
			);
			name = Main.storyboard;
			sourceTree = "<group>";
		};
		9BB508FC2ACADA20001853E8 /* LaunchScreen.storyboard */ = {
			isa = PBXVariantGroup;
			children = (
				9BB508FD2ACADA20001853E8 /* Base */,
			);
			name = LaunchScreen.storyboard;
			sourceTree = "<group>";
		};
/* End PBXVariantGroup section */

/* Begin XCBuildConfiguration section */
		9BB509162ACADA21001853E8 /* Debug */ = {
			isa = XCBuildConfiguration;
			buildSettings = {
				ALWAYS_SEARCH_USER_PATHS = NO;
				CLANG_ANALYZER_NONNULL = YES;
				CLANG_ANALYZER_NUMBER_OBJECT_CONVERSION = YES_AGGRESSIVE;
				CLANG_CXX_LANGUAGE_STANDARD = "gnu++20";
				CLANG_ENABLE_MODULES = YES;
				CLANG_ENABLE_OBJC_ARC = YES;
				CLANG_ENABLE_OBJC_WEAK = YES;
				CLANG_WARN_BLOCK_CAPTURE_AUTORELEASING = YES;
				CLANG_WARN_BOOL_CONVERSION = YES;
				CLANG_WARN_COMMA = YES;
				CLANG_WARN_CONSTANT_CONVERSION = YES;
				CLANG_WARN_DEPRECATED_OBJC_IMPLEMENTATIONS = YES;
				CLANG_WARN_DIRECT_OBJC_ISA_USAGE = YES_ERROR;
				CLANG_WARN_DOCUMENTATION_COMMENTS = YES;
				CLANG_WARN_EMPTY_BODY = YES;
				CLANG_WARN_ENUM_CONVERSION = YES;
				CLANG_WARN_INFINITE_RECURSION = YES;
				CLANG_WARN_INT_CONVERSION = YES;
				CLANG_WARN_NON_LITERAL_NULL_CONVERSION = YES;
				CLANG_WARN_OBJC_IMPLICIT_RETAIN_SELF = YES;
				CLANG_WARN_OBJC_LITERAL_CONVERSION = YES;
				CLANG_WARN_OBJC_ROOT_CLASS = YES_ERROR;
				CLANG_WARN_QUOTED_INCLUDE_IN_FRAMEWORK_HEADER = YES;
				CLANG_WARN_RANGE_LOOP_ANALYSIS = YES;
				CLANG_WARN_STRICT_PROTOTYPES = YES;
				CLANG_WARN_SUSPICIOUS_MOVE = YES;
				CLANG_WARN_UNGUARDED_AVAILABILITY = YES_AGGRESSIVE;
				CLANG_WARN_UNREACHABLE_CODE = YES;
				CLANG_WARN__DUPLICATE_METHOD_MATCH = YES;
				COPY_PHASE_STRIP = NO;
				DEBUG_INFORMATION_FORMAT = dwarf;
				ENABLE_STRICT_OBJC_MSGSEND = YES;
				ENABLE_TESTABILITY = YES;
				GCC_C_LANGUAGE_STANDARD = gnu11;
				GCC_DYNAMIC_NO_PIC = NO;
				GCC_NO_COMMON_BLOCKS = YES;
				GCC_OPTIMIZATION_LEVEL = 0;
				GCC_PREPROCESSOR_DEFINITIONS = (
					"DEBUG=1",
					"$(inherited)",
				);
				GCC_WARN_64_TO_32_BIT_CONVERSION = YES;
				GCC_WARN_ABOUT_RETURN_TYPE = YES_ERROR;
				GCC_WARN_UNDECLARED_SELECTOR = YES;
				GCC_WARN_UNINITIALIZED_AUTOS = YES_AGGRESSIVE;
				GCC_WARN_UNUSED_FUNCTION = YES;
				GCC_WARN_UNUSED_VARIABLE = YES;
				IPHONEOS_DEPLOYMENT_TARGET = 16.4;
				MTL_ENABLE_DEBUG_INFO = INCLUDE_SOURCE;
				MTL_FAST_MATH = YES;
				ONLY_ACTIVE_ARCH = YES;
				SDKROOT = iphoneos;
				SWIFT_ACTIVE_COMPILATION_CONDITIONS = DEBUG;
				SWIFT_OPTIMIZATION_LEVEL = "-Onone";
			};
			name = Debug;
		};
		9BB509172ACADA21001853E8 /* Release */ = {
			isa = XCBuildConfiguration;
			buildSettings = {
				ALWAYS_SEARCH_USER_PATHS = NO;
				CLANG_ANALYZER_NONNULL = YES;
				CLANG_ANALYZER_NUMBER_OBJECT_CONVERSION = YES_AGGRESSIVE;
				CLANG_CXX_LANGUAGE_STANDARD = "gnu++20";
				CLANG_ENABLE_MODULES = YES;
				CLANG_ENABLE_OBJC_ARC = YES;
				CLANG_ENABLE_OBJC_WEAK = YES;
				CLANG_WARN_BLOCK_CAPTURE_AUTORELEASING = YES;
				CLANG_WARN_BOOL_CONVERSION = YES;
				CLANG_WARN_COMMA = YES;
				CLANG_WARN_CONSTANT_CONVERSION = YES;
				CLANG_WARN_DEPRECATED_OBJC_IMPLEMENTATIONS = YES;
				CLANG_WARN_DIRECT_OBJC_ISA_USAGE = YES_ERROR;
				CLANG_WARN_DOCUMENTATION_COMMENTS = YES;
				CLANG_WARN_EMPTY_BODY = YES;
				CLANG_WARN_ENUM_CONVERSION = YES;
				CLANG_WARN_INFINITE_RECURSION = YES;
				CLANG_WARN_INT_CONVERSION = YES;
				CLANG_WARN_NON_LITERAL_NULL_CONVERSION = YES;
				CLANG_WARN_OBJC_IMPLICIT_RETAIN_SELF = YES;
				CLANG_WARN_OBJC_LITERAL_CONVERSION = YES;
				CLANG_WARN_OBJC_ROOT_CLASS = YES_ERROR;
				CLANG_WARN_QUOTED_INCLUDE_IN_FRAMEWORK_HEADER = YES;
				CLANG_WARN_RANGE_LOOP_ANALYSIS = YES;
				CLANG_WARN_STRICT_PROTOTYPES = YES;
				CLANG_WARN_SUSPICIOUS_MOVE = YES;
				CLANG_WARN_UNGUARDED_AVAILABILITY = YES_AGGRESSIVE;
				CLANG_WARN_UNREACHABLE_CODE = YES;
				CLANG_WARN__DUPLICATE_METHOD_MATCH = YES;
				COPY_PHASE_STRIP = NO;
				DEBUG_INFORMATION_FORMAT = "dwarf-with-dsym";
				ENABLE_NS_ASSERTIONS = NO;
				ENABLE_STRICT_OBJC_MSGSEND = YES;
				GCC_C_LANGUAGE_STANDARD = gnu11;
				GCC_NO_COMMON_BLOCKS = YES;
				GCC_WARN_64_TO_32_BIT_CONVERSION = YES;
				GCC_WARN_ABOUT_RETURN_TYPE = YES_ERROR;
				GCC_WARN_UNDECLARED_SELECTOR = YES;
				GCC_WARN_UNINITIALIZED_AUTOS = YES_AGGRESSIVE;
				GCC_WARN_UNUSED_FUNCTION = YES;
				GCC_WARN_UNUSED_VARIABLE = YES;
				IPHONEOS_DEPLOYMENT_TARGET = 16.4;
				MTL_ENABLE_DEBUG_INFO = NO;
				MTL_FAST_MATH = YES;
				SDKROOT = iphoneos;
				SWIFT_COMPILATION_MODE = wholemodule;
				SWIFT_OPTIMIZATION_LEVEL = "-O";
				VALIDATE_PRODUCT = YES;
			};
			name = Release;
		};
		9BB509192ACADA21001853E8 /* Debug */ = {
			isa = XCBuildConfiguration;
			buildSettings = {
				ASSETCATALOG_COMPILER_APPICON_NAME = AppIcon;
				ASSETCATALOG_COMPILER_GLOBAL_ACCENT_COLOR_NAME = AccentColor;
				CODE_SIGN_STYLE = Automatic;
				CURRENT_PROJECT_VERSION = 1;
				GENERATE_INFOPLIST_FILE = YES;
				INFOPLIST_FILE = "Joke-Stream/Info.plist";
				INFOPLIST_KEY_UIApplicationSupportsIndirectInputEvents = YES;
				INFOPLIST_KEY_UILaunchStoryboardName = LaunchScreen;
				INFOPLIST_KEY_UIMainStoryboardFile = Main;
				INFOPLIST_KEY_UISupportedInterfaceOrientations_iPad = "UIInterfaceOrientationPortrait UIInterfaceOrientationPortraitUpsideDown UIInterfaceOrientationLandscapeLeft UIInterfaceOrientationLandscapeRight";
				INFOPLIST_KEY_UISupportedInterfaceOrientations_iPhone = "UIInterfaceOrientationPortrait UIInterfaceOrientationLandscapeLeft UIInterfaceOrientationLandscapeRight";
				LD_RUNPATH_SEARCH_PATHS = (
					"$(inherited)",
					"@executable_path/Frameworks",
				);
				MARKETING_VERSION = 1.0;
				PRODUCT_BUNDLE_IDENTIFIER = "com.deep.Joke-Stream";
				PRODUCT_NAME = "$(TARGET_NAME)";
				SWIFT_EMIT_LOC_STRINGS = YES;
				SWIFT_VERSION = 5.0;
				TARGETED_DEVICE_FAMILY = "1,2";
			};
			name = Debug;
		};
		9BB5091A2ACADA21001853E8 /* Release */ = {
			isa = XCBuildConfiguration;
			buildSettings = {
				ASSETCATALOG_COMPILER_APPICON_NAME = AppIcon;
				ASSETCATALOG_COMPILER_GLOBAL_ACCENT_COLOR_NAME = AccentColor;
				CODE_SIGN_STYLE = Automatic;
				CURRENT_PROJECT_VERSION = 1;
				GENERATE_INFOPLIST_FILE = YES;
				INFOPLIST_FILE = "Joke-Stream/Info.plist";
				INFOPLIST_KEY_UIApplicationSupportsIndirectInputEvents = YES;
				INFOPLIST_KEY_UILaunchStoryboardName = LaunchScreen;
				INFOPLIST_KEY_UIMainStoryboardFile = Main;
				INFOPLIST_KEY_UISupportedInterfaceOrientations_iPad = "UIInterfaceOrientationPortrait UIInterfaceOrientationPortraitUpsideDown UIInterfaceOrientationLandscapeLeft UIInterfaceOrientationLandscapeRight";
				INFOPLIST_KEY_UISupportedInterfaceOrientations_iPhone = "UIInterfaceOrientationPortrait UIInterfaceOrientationLandscapeLeft UIInterfaceOrientationLandscapeRight";
				LD_RUNPATH_SEARCH_PATHS = (
					"$(inherited)",
					"@executable_path/Frameworks",
				);
				MARKETING_VERSION = 1.0;
				PRODUCT_BUNDLE_IDENTIFIER = "com.deep.Joke-Stream";
				PRODUCT_NAME = "$(TARGET_NAME)";
				SWIFT_EMIT_LOC_STRINGS = YES;
				SWIFT_VERSION = 5.0;
				TARGETED_DEVICE_FAMILY = "1,2";
			};
			name = Release;
		};
		9BB5091C2ACADA21001853E8 /* Debug */ = {
			isa = XCBuildConfiguration;
			buildSettings = {
				ALWAYS_EMBED_SWIFT_STANDARD_LIBRARIES = YES;
				BUNDLE_LOADER = "$(TEST_HOST)";
				CODE_SIGN_STYLE = Automatic;
				CURRENT_PROJECT_VERSION = 1;
				GENERATE_INFOPLIST_FILE = YES;
				IPHONEOS_DEPLOYMENT_TARGET = 16.4;
				MARKETING_VERSION = 1.0;
				PRODUCT_BUNDLE_IDENTIFIER = "com.deep.Joke-StreamTests";
				PRODUCT_NAME = "$(TARGET_NAME)";
				SWIFT_EMIT_LOC_STRINGS = NO;
				SWIFT_VERSION = 5.0;
				TARGETED_DEVICE_FAMILY = "1,2";
				TEST_HOST = "$(BUILT_PRODUCTS_DIR)/Joke-Stream.app/$(BUNDLE_EXECUTABLE_FOLDER_PATH)/Joke-Stream";
			};
			name = Debug;
		};
		9BB5091D2ACADA21001853E8 /* Release */ = {
			isa = XCBuildConfiguration;
			buildSettings = {
				ALWAYS_EMBED_SWIFT_STANDARD_LIBRARIES = YES;
				BUNDLE_LOADER = "$(TEST_HOST)";
				CODE_SIGN_STYLE = Automatic;
				CURRENT_PROJECT_VERSION = 1;
				GENERATE_INFOPLIST_FILE = YES;
				IPHONEOS_DEPLOYMENT_TARGET = 16.4;
				MARKETING_VERSION = 1.0;
				PRODUCT_BUNDLE_IDENTIFIER = "com.deep.Joke-StreamTests";
				PRODUCT_NAME = "$(TARGET_NAME)";
				SWIFT_EMIT_LOC_STRINGS = NO;
				SWIFT_VERSION = 5.0;
				TARGETED_DEVICE_FAMILY = "1,2";
				TEST_HOST = "$(BUILT_PRODUCTS_DIR)/Joke-Stream.app/$(BUNDLE_EXECUTABLE_FOLDER_PATH)/Joke-Stream";
			};
			name = Release;
		};
		9BB5091F2ACADA21001853E8 /* Debug */ = {
			isa = XCBuildConfiguration;
			buildSettings = {
				ALWAYS_EMBED_SWIFT_STANDARD_LIBRARIES = YES;
				CODE_SIGN_STYLE = Automatic;
				CURRENT_PROJECT_VERSION = 1;
				GENERATE_INFOPLIST_FILE = YES;
				MARKETING_VERSION = 1.0;
				PRODUCT_BUNDLE_IDENTIFIER = "com.deep.Joke-StreamUITests";
				PRODUCT_NAME = "$(TARGET_NAME)";
				SWIFT_EMIT_LOC_STRINGS = NO;
				SWIFT_VERSION = 5.0;
				TARGETED_DEVICE_FAMILY = "1,2";
				TEST_TARGET_NAME = "Joke-Stream";
			};
			name = Debug;
		};
		9BB509202ACADA21001853E8 /* Release */ = {
			isa = XCBuildConfiguration;
			buildSettings = {
				ALWAYS_EMBED_SWIFT_STANDARD_LIBRARIES = YES;
				CODE_SIGN_STYLE = Automatic;
				CURRENT_PROJECT_VERSION = 1;
				GENERATE_INFOPLIST_FILE = YES;
				MARKETING_VERSION = 1.0;
				PRODUCT_BUNDLE_IDENTIFIER = "com.deep.Joke-StreamUITests";
				PRODUCT_NAME = "$(TARGET_NAME)";
				SWIFT_EMIT_LOC_STRINGS = NO;
				SWIFT_VERSION = 5.0;
				TARGETED_DEVICE_FAMILY = "1,2";
				TEST_TARGET_NAME = "Joke-Stream";
			};
			name = Release;
		};
/* End XCBuildConfiguration section */

/* Begin XCConfigurationList section */
		9BB508E92ACADA1F001853E8 /* Build configuration list for PBXProject "Joke-Stream" */ = {
			isa = XCConfigurationList;
			buildConfigurations = (
				9BB509162ACADA21001853E8 /* Debug */,
				9BB509172ACADA21001853E8 /* Release */,
			);
			defaultConfigurationIsVisible = 0;
			defaultConfigurationName = Release;
		};
		9BB509182ACADA21001853E8 /* Build configuration list for PBXNativeTarget "Joke-Stream" */ = {
			isa = XCConfigurationList;
			buildConfigurations = (
				9BB509192ACADA21001853E8 /* Debug */,
				9BB5091A2ACADA21001853E8 /* Release */,
			);
			defaultConfigurationIsVisible = 0;
			defaultConfigurationName = Release;
		};
		9BB5091B2ACADA21001853E8 /* Build configuration list for PBXNativeTarget "Joke-StreamTests" */ = {
			isa = XCConfigurationList;
			buildConfigurations = (
				9BB5091C2ACADA21001853E8 /* Debug */,
				9BB5091D2ACADA21001853E8 /* Release */,
			);
			defaultConfigurationIsVisible = 0;
			defaultConfigurationName = Release;
		};
		9BB5091E2ACADA21001853E8 /* Build configuration list for PBXNativeTarget "Joke-StreamUITests" */ = {
			isa = XCConfigurationList;
			buildConfigurations = (
				9BB5091F2ACADA21001853E8 /* Debug */,
				9BB509202ACADA21001853E8 /* Release */,
			);
			defaultConfigurationIsVisible = 0;
			defaultConfigurationName = Release;
		};
/* End XCConfigurationList section */
	};
	rootObject = 9BB508E62ACADA1F001853E8 /* Project object */;
}
